// !$*UTF8*$!
{
	archiveVersion = 1;
	classes = {
	};
	objectVersion = 90;
	objects = {

/* Begin PBXBuildFile section */
		AA000001 /* SonarrSchedulerApp.swift in Sources */ = {isa = PBXBuildFile; fileRef = AA100001 /* SonarrSchedulerApp.swift */; };
		AA000002 /* ContentView.swift in Sources */ = {isa = PBXBuildFile; fileRef = AA100002 /* ContentView.swift */; };
		AA000003 /* CalendarEvent.swift in Sources */ = {isa = PBXBuildFile; fileRef = AA100003 /* CalendarEvent.swift */; };
		AA000004 /* ICalParser.swift in Sources */ = {isa = PBXBuildFile; fileRef = AA100004 /* ICalParser.swift */; };
		AA000005 /* ICalService.swift in Sources */ = {isa = PBXBuildFile; fileRef = AA100005 /* ICalService.swift */; };
		AA000006 /* CalendarViewModel.swift in Sources */ = {isa = PBXBuildFile; fileRef = AA100006 /* CalendarViewModel.swift */; };
		AA000007 /* CalendarGridView.swift in Sources */ = {isa = PBXBuildFile; fileRef = AA100007 /* CalendarGridView.swift */; };
		AA000008 /* EventCardView.swift in Sources */ = {isa = PBXBuildFile; fileRef = AA100008 /* EventCardView.swift */; };
		AA000009 /* EventDetailView.swift in Sources */ = {isa = PBXBuildFile; fileRef = AA100009 /* EventDetailView.swift */; };
		AA00000A /* SettingsView.swift in Sources */ = {isa = PBXBuildFile; fileRef = AA10000A /* SettingsView.swift */; };
		AA00000B /* Assets.xcassets in Resources */ = {isa = PBXBuildFile; fileRef = AA10000B /* Assets.xcassets */; };
		AA00000C /* SeriesSearchResult.swift in Sources */ = {isa = PBXBuildFile; fileRef = AA10000C /* SeriesSearchResult.swift */; };
		AA00000D /* SonarrAPIService.swift in Sources */ = {isa = PBXBuildFile; fileRef = AA10000D /* SonarrAPIService.swift */; };
		AA00000E /* AddShowViewModel.swift in Sources */ = {isa = PBXBuildFile; fileRef = AA10000E /* AddShowViewModel.swift */; };
		AA00000F /* AddShowView.swift in Sources */ = {isa = PBXBuildFile; fileRef = AA10000F /* AddShowView.swift */; };
		AA000011 /* LibraryViewModel.swift in Sources */ = {isa = PBXBuildFile; fileRef = AA100011 /* LibraryViewModel.swift */; };
		AA000012 /* LibraryView.swift in Sources */ = {isa = PBXBuildFile; fileRef = AA100012 /* LibraryView.swift */; };
		AA000013 /* ShowSummaryView.swift in Sources */ = {isa = PBXBuildFile; fileRef = AA100013 /* ShowSummaryView.swift */; };
/* End PBXBuildFile section */

/* Begin PBXBuildRule section */
		5A5BAF602FB52E41005DE383 /* PBXBuildRule */ = {
			isa = PBXBuildRule;
			compilerSpec = com.apple.compilers.proxy.script;
			fileType = pattern.proxy;
			script = (
				"# Type a script or drag a script file from your workspace to insert its path.",
				"",
			);
		};
		5A5BAF612FB52E42005DE383 /* PBXBuildRule */ = {
			isa = PBXBuildRule;
			compilerSpec = com.apple.compilers.proxy.script;
			fileType = pattern.proxy;
			script = (
				"# Type a script or drag a script file from your workspace to insert its path.",
				"",
			);
		};
/* End PBXBuildRule section */

/* Begin PBXFileReference section */
		AA100001 /* SonarrSchedulerApp.swift */ = {isa = PBXFileReference; lastKnownFileType = sourcecode.swift; path = SonarrSchedulerApp.swift; sourceTree = "<group>"; };
		AA100002 /* ContentView.swift */ = {isa = PBXFileReference; lastKnownFileType = sourcecode.swift; path = ContentView.swift; sourceTree = "<group>"; };
		AA100003 /* CalendarEvent.swift */ = {isa = PBXFileReference; lastKnownFileType = sourcecode.swift; path = CalendarEvent.swift; sourceTree = "<group>"; };
		AA100004 /* ICalParser.swift */ = {isa = PBXFileReference; lastKnownFileType = sourcecode.swift; path = ICalParser.swift; sourceTree = "<group>"; };
		AA100005 /* ICalService.swift */ = {isa = PBXFileReference; lastKnownFileType = sourcecode.swift; path = ICalService.swift; sourceTree = "<group>"; };
		AA100006 /* CalendarViewModel.swift */ = {isa = PBXFileReference; lastKnownFileType = sourcecode.swift; path = CalendarViewModel.swift; sourceTree = "<group>"; };
		AA100007 /* CalendarGridView.swift */ = {isa = PBXFileReference; lastKnownFileType = sourcecode.swift; path = CalendarGridView.swift; sourceTree = "<group>"; };
		AA100008 /* EventCardView.swift */ = {isa = PBXFileReference; lastKnownFileType = sourcecode.swift; path = EventCardView.swift; sourceTree = "<group>"; };
		AA100009 /* EventDetailView.swift */ = {isa = PBXFileReference; lastKnownFileType = sourcecode.swift; path = EventDetailView.swift; sourceTree = "<group>"; };
		AA10000A /* SettingsView.swift */ = {isa = PBXFileReference; lastKnownFileType = sourcecode.swift; path = SettingsView.swift; sourceTree = "<group>"; };
		AA10000B /* Assets.xcassets */ = {isa = PBXFileReference; lastKnownFileType = folder.assetcatalog; path = Assets.xcassets; sourceTree = "<group>"; };
		AA10000C /* SeriesSearchResult.swift */ = {isa = PBXFileReference; lastKnownFileType = sourcecode.swift; path = SeriesSearchResult.swift; sourceTree = "<group>"; };
		AA10000D /* SonarrAPIService.swift */ = {isa = PBXFileReference; lastKnownFileType = sourcecode.swift; path = SonarrAPIService.swift; sourceTree = "<group>"; };
		AA10000E /* AddShowViewModel.swift */ = {isa = PBXFileReference; lastKnownFileType = sourcecode.swift; path = AddShowViewModel.swift; sourceTree = "<group>"; };
		AA10000F /* AddShowView.swift */ = {isa = PBXFileReference; lastKnownFileType = sourcecode.swift; path = AddShowView.swift; sourceTree = "<group>"; };
		AA100011 /* LibraryViewModel.swift */ = {isa = PBXFileReference; lastKnownFileType = sourcecode.swift; path = LibraryViewModel.swift; sourceTree = "<group>"; };
		AA100012 /* LibraryView.swift */ = {isa = PBXFileReference; lastKnownFileType = sourcecode.swift; path = LibraryView.swift; sourceTree = "<group>"; };
		AA100013 /* ShowSummaryView.swift */ = {isa = PBXFileReference; lastKnownFileType = sourcecode.swift; path = ShowSummaryView.swift; sourceTree = "<group>"; };
		AA200001 /* SonarrSchedule.app */ = {isa = PBXFileReference; explicitFileType = wrapper.application; includeInIndex = 0; path = SonarrSchedule.app; sourceTree = BUILT_PRODUCTS_DIR; };
/* End PBXFileReference section */

/* Begin PBXFrameworksBuildPhase section */
		AA300001 /* Frameworks */ = {
			isa = PBXFrameworksBuildPhase;
			files = (
			);
		};
/* End PBXFrameworksBuildPhase section */

/* Begin PBXGroup section */
		AA400001 = {
			isa = PBXGroup;
			children = (
				AA400002 /* SonarrSchedule */,
				AA400007 /* Products */,
			);
			sourceTree = "<group>";
		};
		AA400002 /* SonarrSchedule */ = {
			isa = PBXGroup;
			children = (
				AA100001 /* SonarrSchedulerApp.swift */,
				AA400003 /* Models */,
				AA400004 /* Services */,
				AA400005 /* ViewModels */,
				AA400006 /* Views */,
				AA10000B /* Assets.xcassets */,
			);
			path = SonarrSchedule;
			sourceTree = "<group>";
		};
		AA400003 /* Models */ = {
			isa = PBXGroup;
			children = (
				AA100003 /* CalendarEvent.swift */,
				AA10000C /* SeriesSearchResult.swift */,
			);
			path = Models;
			sourceTree = "<group>";
		};
		AA400004 /* Services */ = {
			isa = PBXGroup;
			children = (
				AA100004 /* ICalParser.swift */,
				AA100005 /* ICalService.swift */,
				AA10000D /* SonarrAPIService.swift */,
			);
			path = Services;
			sourceTree = "<group>";
		};
		AA400005 /* ViewModels */ = {
			isa = PBXGroup;
			children = (
				AA100006 /* CalendarViewModel.swift */,
				AA10000E /* AddShowViewModel.swift */,
				AA100011 /* LibraryViewModel.swift */,
			);
			path = ViewModels;
			sourceTree = "<group>";
		};
		AA400006 /* Views */ = {
			isa = PBXGroup;
			children = (
				AA100002 /* ContentView.swift */,
				AA100007 /* CalendarGridView.swift */,
				AA100008 /* EventCardView.swift */,
				AA100009 /* EventDetailView.swift */,
				AA10000A /* SettingsView.swift */,
				AA10000F /* AddShowView.swift */,
				AA100012 /* LibraryView.swift */,
				AA100013 /* ShowSummaryView.swift */,
			);
			path = Views;
			sourceTree = "<group>";
		};
		AA400007 /* Products */ = {
			isa = PBXGroup;
			children = (
				AA200001 /* SonarrSchedule.app */,
			);
			name = Products;
			sourceTree = "<group>";
		};
/* End PBXGroup section */

/* Begin PBXNativeTarget section */
		AA500001 /* SonarrSchedule */ = {
			isa = PBXNativeTarget;
			buildConfigurationList = AA700001 /* Build configuration list for PBXNativeTarget "SonarrSchedule" */;
			buildPhases = (
				AA600001 /* Sources */,
				AA300001 /* Frameworks */,
				AA600002 /* Resources */,
			);
			buildRules = (
				5A5BAF612FB52E42005DE383 /* PBXBuildRule */,
				5A5BAF602FB52E41005DE383 /* PBXBuildRule */,
			);
			name = SonarrSchedule;
			productName = ATVScheduler;
			productReference = AA200001 /* SonarrSchedule.app */;
			productType = "com.apple.product-type.application";
		};
/* End PBXNativeTarget section */

/* Begin PBXProject section */
		AA800001 /* Project object */ = {
			isa = PBXProject;
			attributes = {
				BuildIndependentTargetsInParallel = 1;
				LastSwiftUpdateCheck = 1500;
				LastUpgradeCheck = 2630;
				TargetAttributes = {
					AA500001 = {
						CreatedOnToolsVersion = 15.0;
					};
				};
			};
			buildConfigurationList = AA700003 /* Build configuration list for PBXProject "SonarrSchedule" */;
			developmentRegion = en;
			hasScannedForEncodings = 0;
			knownRegions = (
				en,
				Base,
			);
			mainGroup = AA400001;
			preferredProjectObjectVersion = 90;
			productRefGroup = AA400007 /* Products */;
			projectDirPath = "";
			projectRoot = "";
			targets = (
				AA500001 /* SonarrSchedule */,
			);
		};
/* End PBXProject section */

/* Begin PBXResourcesBuildPhase section */
		AA600002 /* Resources */ = {
			isa = PBXResourcesBuildPhase;
			files = (
				AA00000B /* Assets.xcassets in Resources */,
			);
		};
/* End PBXResourcesBuildPhase section */

/* Begin PBXSourcesBuildPhase section */
		AA600001 /* Sources */ = {
			isa = PBXSourcesBuildPhase;
			files = (
				AA000001 /* SonarrSchedulerApp.swift in Sources */,
				AA000002 /* ContentView.swift in Sources */,
				AA000003 /* CalendarEvent.swift in Sources */,
				AA000004 /* ICalParser.swift in Sources */,
				AA000005 /* ICalService.swift in Sources */,
				AA000006 /* CalendarViewModel.swift in Sources */,
				AA000007 /* CalendarGridView.swift in Sources */,
				AA000008 /* EventCardView.swift in Sources */,
				AA000009 /* EventDetailView.swift in Sources */,
				AA00000A /* SettingsView.swift in Sources */,
				AA00000C /* SeriesSearchResult.swift in Sources */,
				AA00000D /* SonarrAPIService.swift in Sources */,
				AA00000E /* AddShowViewModel.swift in Sources */,
				AA00000F /* AddShowView.swift in Sources */,
				AA000011 /* LibraryViewModel.swift in Sources */,
				AA000012 /* LibraryView.swift in Sources */,
				AA000013 /* ShowSummaryView.swift in Sources */,
			);
		};
/* End PBXSourcesBuildPhase section */

/* Begin XCBuildConfiguration section */
		AA900001 /* Debug configuration for PBXProject "SonarrSchedule" */ = {
			isa = XCBuildConfiguration;
			buildSettings = {
				ALWAYS_SEARCH_USER_PATHS = NO;
				ASSETCATALOG_COMPILER_GENERATE_SWIFT_ASSET_SYMBOL_EXTENSIONS = YES;
				CLANG_ANALYZER_NONNULL = YES;
				CLANG_ANALYZER_NUMBER_OBJECT_CONVERSION = YES_AGGRESSIVE;
				CLANG_CXX_LANGUAGE_STANDARD = "gnu++20";
				CLANG_ENABLE_MODULES = YES;
				CLANG_ENABLE_OBJC_ARC = YES;
				CLANG_ENABLE_OBJC_WEAK = YES;
				CLANG_WARN_BLOCK_CAPTURE_AUTORELEASING = YES;
				CLANG_WARN_BOOL_CONVERSION = YES;
				CLANG_WARN_COMMA = YES;
				CLANG_WARN_CONSTANT_CONVERSION = YES;
				CLANG_WARN_DEPRECATED_OBJC_IMPLEMENTATIONS = YES;
				CLANG_WARN_DIRECT_OBJC_ISA_USAGE = YES_ERROR;
				CLANG_WARN_DOCUMENTATION_COMMENTS = YES;
				CLANG_WARN_EMPTY_BODY = YES;
				CLANG_WARN_ENUM_CONVERSION = YES;
				CLANG_WARN_INFINITE_RECURSION = YES;
				CLANG_WARN_INT_CONVERSION = YES;
				CLANG_WARN_NON_LITERAL_NULL_CONVERSION = YES;
				CLANG_WARN_OBJC_IMPLICIT_RETAIN_SELF = YES;
				CLANG_WARN_OBJC_LITERAL_CONVERSION = YES;
				CLANG_WARN_OBJC_ROOT_CLASS = YES_ERROR;
				CLANG_WARN_QUOTED_INCLUDE_IN_FRAMEWORK_HEADER = YES;
				CLANG_WARN_RANGE_LOOP_ANALYSIS = YES;
				CLANG_WARN_STRICT_PROTOTYPES = YES;
				CLANG_WARN_SUSPICIOUS_MOVE = YES;
				CLANG_WARN_UNGUARDED_AVAILABILITY = YES_AGGRESSIVE;
				CLANG_WARN_UNREACHABLE_CODE = YES;
				CLANG_WARN__DUPLICATE_METHOD_MATCH = YES;
				COPY_PHASE_STRIP = NO;
				DEBUG_INFORMATION_FORMAT = dwarf;
				ENABLE_STRICT_OBJC_MSGSEND = YES;
				ENABLE_TESTABILITY = YES;
				ENABLE_USER_SCRIPT_SANDBOXING = YES;
				GCC_C_LANGUAGE_STANDARD = gnu17;
				GCC_DYNAMIC_NO_PIC = NO;
				GCC_NO_COMMON_BLOCKS = YES;
				GCC_OPTIMIZATION_LEVEL = 0;
				GCC_PREPROCESSOR_DEFINITIONS = (
					"DEBUG=1",
					"$(inherited)",
				);
				GCC_WARN_64_TO_32_BIT_CONVERSION = YES;
				GCC_WARN_ABOUT_RETURN_TYPE = YES_ERROR;
				GCC_WARN_UNDECLARED_SELECTOR = YES;
				GCC_WARN_UNINITIALIZED_AUTOS = YES_AGGRESSIVE;
				GCC_WARN_UNUSED_FUNCTION = YES;
				GCC_WARN_UNUSED_VARIABLE = YES;
				MTL_ENABLE_DEBUG_INFO = INCLUDE_SOURCE;
				MTL_FAST_MATH = YES;
				ONLY_ACTIVE_ARCH = YES;
				SDKROOT = appletvos;
				STRING_CATALOG_GENERATE_SYMBOLS = YES;
				SWIFT_ACTIVE_COMPILATION_CONDITIONS = "DEBUG $(inherited)";
				SWIFT_OPTIMIZATION_LEVEL = "-Onone";
				TVOS_DEPLOYMENT_TARGET = 26.0;
			};
			name = Debug;
		};
		AA900002 /* Release configuration for PBXProject "SonarrSchedule" */ = {
			isa = XCBuildConfiguration;
			buildSettings = {
				ALWAYS_SEARCH_USER_PATHS = NO;
				ASSETCATALOG_COMPILER_GENERATE_SWIFT_ASSET_SYMBOL_EXTENSIONS = YES;
				CLANG_ANALYZER_NONNULL = YES;
				CLANG_ANALYZER_NUMBER_OBJECT_CONVERSION = YES_AGGRESSIVE;
				CLANG_CXX_LANGUAGE_STANDARD = "gnu++20";
				CLANG_ENABLE_MODULES = YES;
				CLANG_ENABLE_OBJC_ARC = YES;
				CLANG_ENABLE_OBJC_WEAK = YES;
				CLANG_WARN_BLOCK_CAPTURE_AUTORELEASING = YES;
				CLANG_WARN_BOOL_CONVERSION = YES;
				CLANG_WARN_COMMA = YES;
				CLANG_WARN_CONSTANT_CONVERSION = YES;
				CLANG_WARN_DEPRECATED_OBJC_IMPLEMENTATIONS = YES;
				CLANG_WARN_DIRECT_OBJC_ISA_USAGE = YES_ERROR;
				CLANG_WARN_DOCUMENTATION_COMMENTS = YES;
				CLANG_WARN_EMPTY_BODY = YES;
				CLANG_WARN_ENUM_CONVERSION = YES;
				CLANG_WARN_INFINITE_RECURSION = YES;
				CLANG_WARN_INT_CONVERSION = YES;
				CLANG_WARN_NON_LITERAL_NULL_CONVERSION = YES;
				CLANG_WARN_OBJC_IMPLICIT_RETAIN_SELF = YES;
				CLANG_WARN_OBJC_LITERAL_CONVERSION = YES;
				CLANG_WARN_OBJC_ROOT_CLASS = YES_ERROR;
				CLANG_WARN_QUOTED_INCLUDE_IN_FRAMEWORK_HEADER = YES;
				CLANG_WARN_RANGE_LOOP_ANALYSIS = YES;
				CLANG_WARN_STRICT_PROTOTYPES = YES;
				CLANG_WARN_SUSPICIOUS_MOVE = YES;
				CLANG_WARN_UNGUARDED_AVAILABILITY = YES_AGGRESSIVE;
				CLANG_WARN_UNREACHABLE_CODE = YES;
				CLANG_WARN__DUPLICATE_METHOD_MATCH = YES;
				COPY_PHASE_STRIP = NO;
				DEBUG_INFORMATION_FORMAT = "dwarf-with-dsym";
				ENABLE_NS_ASSERTIONS = NO;
				ENABLE_STRICT_OBJC_MSGSEND = YES;
				ENABLE_USER_SCRIPT_SANDBOXING = YES;
				GCC_C_LANGUAGE_STANDARD = gnu17;
				GCC_NO_COMMON_BLOCKS = YES;
				GCC_WARN_64_TO_32_BIT_CONVERSION = YES;
				GCC_WARN_ABOUT_RETURN_TYPE = YES_ERROR;
				GCC_WARN_UNDECLARED_SELECTOR = YES;
				GCC_WARN_UNINITIALIZED_AUTOS = YES_AGGRESSIVE;
				GCC_WARN_UNUSED_FUNCTION = YES;
				GCC_WARN_UNUSED_VARIABLE = YES;
				MTL_ENABLE_DEBUG_INFO = NO;
				MTL_FAST_MATH = YES;
				SDKROOT = appletvos;
				STRING_CATALOG_GENERATE_SYMBOLS = YES;
				SWIFT_COMPILATION_MODE = wholemodule;
				TVOS_DEPLOYMENT_TARGET = 26.0;
				VALIDATE_PRODUCT = YES;
			};
			name = Release;
		};
		AA900003 /* Debug configuration for PBXNativeTarget "SonarrSchedule" */ = {
			isa = XCBuildConfiguration;
			buildSettings = {
				ASSETCATALOG_COMPILER_APPICON_NAME = "App Icon";
				ASSETCATALOG_COMPILER_GLOBAL_ACCENT_COLOR_NAME = AccentColor;
				ASSETCATALOG_COMPILER_INCLUDE_ALL_APPICON_ASSETS = YES;
				CODE_SIGN_STYLE = Automatic;
				CURRENT_PROJECT_VERSION = 1;
				DEVELOPMENT_ASSET_PATHS = "";
				DEVELOPMENT_TEAM = 4NNE64A648;
				ENABLE_PREVIEWS = YES;
				GENERATE_INFOPLIST_FILE = NO;
				INFOPLIST_FILE = SonarrSchedule/Info.plist;
				INFOPLIST_KEY_CFBundleDisplayName = "Sonarr Schedule";
				INFOPLIST_KEY_LSApplicationCategoryType = "public.app-category.utilities";
				INFOPLIST_KEY_UILaunchScreen_Generation = YES;
				INFOPLIST_KEY_UIUserInterfaceStyle = Dark;
				LD_RUNPATH_SEARCH_PATHS = (
					"$(inherited)",
					"@executable_path/Frameworks",
				);
				MARKETING_VERSION = 1.0;
				PRODUCT_BUNDLE_IDENTIFIER = com.sonarrschedule.app;
				PRODUCT_NAME = "$(TARGET_NAME)";
				SWIFT_EMIT_LOC_STRINGS = YES;
				SWIFT_VERSION = 5.0;
				TARGETED_DEVICE_FAMILY = 3;
				TVOS_DEPLOYMENT_TARGET = 26.0;
			};
			name = Debug;
		};
		AA900004 /* Release configuration for PBXNativeTarget "SonarrSchedule" */ = {
			isa = XCBuildConfiguration;
			buildSettings = {
				ASSETCATALOG_COMPILER_APPICON_NAME = "App Icon";
				ASSETCATALOG_COMPILER_GLOBAL_ACCENT_COLOR_NAME = AccentColor;
				ASSETCATALOG_COMPILER_INCLUDE_ALL_APPICON_ASSETS = YES;
				CODE_SIGN_STYLE = Automatic;
				CURRENT_PROJECT_VERSION = 1;
				DEVELOPMENT_ASSET_PATHS = "";
				DEVELOPMENT_TEAM = 4NNE64A648;
				ENABLE_PREVIEWS = YES;
				GENERATE_INFOPLIST_FILE = NO;
				INFOPLIST_FILE = SonarrSchedule/Info.plist;
				INFOPLIST_KEY_CFBundleDisplayName = "Sonarr Schedule";
				INFOPLIST_KEY_LSApplicationCategoryType = "public.app-category.utilities";
				INFOPLIST_KEY_UILaunchScreen_Generation = YES;
				INFOPLIST_KEY_UIUserInterfaceStyle = Dark;
				LD_RUNPATH_SEARCH_PATHS = (
					"$(inherited)",
					"@executable_path/Frameworks",
				);
				MARKETING_VERSION = 1.0;
				PRODUCT_BUNDLE_IDENTIFIER = com.sonarrschedule.app;
				PRODUCT_NAME = "$(TARGET_NAME)";
				SWIFT_EMIT_LOC_STRINGS = YES;
				SWIFT_VERSION = 5.0;
				TARGETED_DEVICE_FAMILY = 3;
				TVOS_DEPLOYMENT_TARGET = 26.0;
			};
			name = Release;
		};
/* End XCBuildConfiguration section */

/* Begin XCConfigurationList section */
		AA700001 /* Build configuration list for PBXNativeTarget "SonarrSchedule" */ = {
			isa = XCConfigurationList;
			buildConfigurations = (
				AA900003 /* Debug configuration for PBXNativeTarget "SonarrSchedule" */,
				AA900004 /* Release configuration for PBXNativeTarget "SonarrSchedule" */,
			);
			defaultConfigurationName = Release;
		};
		AA700003 /* Build configuration list for PBXProject "SonarrSchedule" */ = {
			isa = XCConfigurationList;
			buildConfigurations = (
				AA900001 /* Debug configuration for PBXProject "SonarrSchedule" */,
				AA900002 /* Release configuration for PBXProject "SonarrSchedule" */,
			);
			defaultConfigurationName = Release;
		};
/* End XCConfigurationList section */
	};
	rootObject = AA800001 /* Project object */;
}
